
Microsoft Visual Studio Solution File, Format Version 12.00
# Visual Studio 15
VisualStudioVersion = 15.0.27130.2036
MinimumVisualStudioVersion = 10.0.40219.1
Project("{FAE04EC0-301F-11D3-BF4B-00C04F79EFBC}") = "SiteScraper", "SiteScraper\SiteScraper.csproj", "{CF17004F-9E47-4D7F-93F8-1AC18818455A}"
EndProject
Project("{FAE04EC0-301F-11D3-BF4B-00C04F79EFBC}") = "SiteScraper.Tests", "SiteScraper.Tests\SiteScraper.Tests.csproj", "{D0A04082-CDD0-4694-99C2-1C04263AF1A2}"
EndProject
Global
	GlobalSection(SolutionConfigurationPlatforms) = preSolution
		Debug|Any CPU = Debug|Any CPU
		Release|Any CPU = Release|Any CPU
	EndGlobalSection
	GlobalSection(ProjectConfigurationPlatforms) = postSolution
		{CF17004F-9E47-4D7F-93F8-1AC18818455A}.Debug|Any CPU.ActiveCfg = Debug|Any CPU
		{CF17004F-9E47-4D7F-93F8-1AC18818455A}.Debug|Any CPU.Build.0 = Debug|Any CPU
		{CF17004F-9E47-4D7F-93F8-1AC18818455A}.Release|Any CPU.ActiveCfg = Release|Any CPU
		{CF17004F-9E47-4D7F-93F8-1AC18818455A}.Release|Any CPU.Build.0 = Release|Any CPU
		{D0A04082-CDD0-4694-99C2-1C04263AF1A2}.Debug|Any CPU.ActiveCfg = Debug|Any CPU
		{D0A04082-CDD0-4694-99C2-1C04263AF1A2}.Debug|Any CPU.Build.0 = Debug|Any CPU
		{D0A04082-CDD0-4694-99C2-1C04263AF1A2}.Release|Any CPU.ActiveCfg = Release|Any CPU
		{D0A04082-CDD0-4694-99C2-1C04263AF1A2}.Release|Any CPU.Build.0 = Release|Any CPU
	EndGlobalSection
	GlobalSection(SolutionProperties) = preSolution
		HideSolutionNode = FALSE
	EndGlobalSection
	GlobalSection(ExtensibilityGlobals) = postSolution
		SolutionGuid = {437BCBD6-48BB-4FF6-9662-8E83CF40CDDF}
	EndGlobalSection
EndGlobal
